schema: '2.0'
stages:
  preprocess:
    cmd: python -m src.pipeline.preprocess.preprocessing --input-folder "data/raw/"
      --output-folder "data/preprocess/"
    deps:
    - path: src/pipeline/preprocess
      hash: md5
      md5: eb065a4013762fe2c8ff5b044eddaecb.dir
      size: 1635
      nfiles: 2
    outs:
    - path: data/preprocess
      hash: md5
      md5: 0bef8a54092da8297dfeea73c938e3ac.dir
      size: 105893
      nfiles: 3
  train:
    cmd: python -m src.pipeline.train.training --preprocess-folder "data/preprocess/"
      --output-folder "data/train/"
    deps:
    - path: data/preprocess
      hash: md5
      md5: 0bef8a54092da8297dfeea73c938e3ac.dir
      size: 105893
      nfiles: 3
    - path: src/pipeline/train
      hash: md5
      md5: 4dde5789a75857373cc0acbd95a1a098.dir
      size: 1250
      nfiles: 2
    params:
      params.py:
        SEED: 42
    outs:
    - path: data/train
      hash: md5
      md5: aba29454e9c2303472b70dd194f3ea64.dir
      size: 3334230
      nfiles: 1
  evaluate:
    cmd: python -m src.pipeline.evaluate.evaluation --preprocess-folder "data/preprocess"
      --train-folder "data/train/"
    deps:
    - path: data/preprocess
      hash: md5
      md5: 0bef8a54092da8297dfeea73c938e3ac.dir
      size: 105893
      nfiles: 3
    - path: data/train
      hash: md5
      md5: aba29454e9c2303472b70dd194f3ea64.dir
      size: 3334230
      nfiles: 1
    - path: src/pipeline/evaluate
      hash: md5
      md5: ceb3990296eeb56b57c1a306cd04ab10.dir
      size: 1049
      nfiles: 2
