schema: '2.0'
stages:
  preprocess:
    cmd: python -m src.pipeline.preprocess.preprocessing --input-folder "data/raw/"
      --output-folder "data/preprocess/"
    deps:
    - path: src/pipeline/preprocess
      hash: md5
      md5: 8260624b4b5a55764d29de5f1693b825.dir
      size: 1572
      nfiles: 2
    outs:
    - path: data/preprocess
      hash: md5
      md5: 0d3aad6e7d0f13fa5ee381d7304a94ef.dir
      size: 99640
      nfiles: 3
  train:
    cmd: python -m src.pipeline.train.training --preprocess-folder "data/preprocess/"
      --output-folder "data/train/"
    deps:
    - path: data/preprocess
      hash: md5
      md5: 0d3aad6e7d0f13fa5ee381d7304a94ef.dir
      size: 99640
      nfiles: 3
    - path: src/pipeline/train
      hash: md5
      md5: 77e525a708041d3b75310f17c6506b86.dir
      size: 1469
      nfiles: 2
    params:
      params.py:
        SEED: 42
    outs:
    - path: data/train
      hash: md5
      md5: 93fc32f25b693493ec68313a5492d32b.dir
      size: 3396162
      nfiles: 1
  evaluate:
    cmd: python -m src.pipeline.evaluate.evaluation --preprocess-folder "data/preprocess"
      --train-folder "data/train/"
    deps:
    - path: data/preprocess
      hash: md5
      md5: 0d3aad6e7d0f13fa5ee381d7304a94ef.dir
      size: 99640
      nfiles: 3
    - path: data/train
      hash: md5
      md5: 93fc32f25b693493ec68313a5492d32b.dir
      size: 3396162
      nfiles: 1
    - path: src/pipeline/evaluate
      hash: md5
      md5: ea95423ef009670bf0d89fd0a9a3ed50.dir
      size: 1045
      nfiles: 2
